{
  "name": "apexa-project",
  "version": "1.0.0",
  "lockfileVersion": 3,
  "requires": true,
  "packages": {
    "": {
      "name": "apexa-project",
      "version": "1.0.0",
      "license": "ISC",
      "dependencies": {
        "vue": "^2.6.14",
        "vue-router": "^3.5.4",
        "vuetify": "^2.6.15",
        "vuex": "^3.6.2"
      }
    },
    "node_modules/vue": {
      "version": "2.6.14",
      "resolved": "https://registry.npmjs.org/vue/-/vue-2.6.14.tgz",
      "integrity": "sha512-x2284lgYvjOMj3Za7kqzRcUSxBboHqtgRE2zlos1qWaOye5yUmHn42LB1250NJBLRwEcdrB0JRwyPTEPhfQjiQ==",
      "deprecated": "Vue 2 has reached EOL and is no longer actively maintained. See https://v2.vuejs.org/eol/ for more details."
    },
    "node_modules/vue-router": {
      "version": "3.5.4",
      "resolved": "https://registry.npmjs.org/vue-router/-/vue-router-3.5.4.tgz",
      "integrity": "sha512-x+/DLAJZv2mcQ7glH2oV9ze8uPwcI+H+GgTgTmb5I55bCgY3+vXWIsqbYUzbBSZnwFHEJku4eoaH/x98veyymQ=="
    },
    "node_modules/vuetify": {
      "version": "2.6.15",
      "resolved": "https://registry.npmjs.org/vuetify/-/vuetify-2.6.15.tgz",
      "integrity": "sha512-2a6sBSHzivXgi9pZMyHuzTgMyInCkj/BrVwTnoCa1Y/Dnfwj7lkWzgKQDScbGVK0q4vJ+YHoBBrLOmnhz1R0YA==",
      "deprecated": "This version is deprecated",
      "funding": {
        "type": "github",
        "url": "https://github.com/sponsors/johnleider"
      },
      "peerDependencies": {
        "vue": "^2.6.4"
      }
    },
    "node_modules/vuex": {
      "version": "3.6.2",
      "resolved": "https://registry.npmjs.org/vuex/-/vuex-3.6.2.tgz",
      "integrity": "sha512-ETW44IqCgBpVomy520DT5jf8n0zoCac+sxWnn+hMe/CzaSejb/eVw2YToiXYX+Ex/AuHHia28vWTq4goAexFbw==",
      "peerDependencies": {
        "vue": "^2.0.0"
      }
    }
  }
}
